// !$*UTF8*$!
{
	archiveVersion = 1;
	classes = {
	};
	objectVersion = 46;
	objects = {

/* Begin PBXBuildFile section */
		082BAAE31CC6C4CB0011CF87 /* AppDelegate.swift in Sources */ = {isa = PBXBuildFile; fileRef = 082BAAE21CC6C4CB0011CF87 /* AppDelegate.swift */; };
		082BAAE51CC6C4CB0011CF87 /* ViewController.swift in Sources */ = {isa = PBXBuildFile; fileRef = 082BAAE41CC6C4CB0011CF87 /* ViewController.swift */; };
		082BAAE81CC6C4CB0011CF87 /* Main.storyboard in Resources */ = {isa = PBXBuildFile; fileRef = 082BAAE61CC6C4CB0011CF87 /* Main.storyboard */; };
		082BAAEA1CC6C4CB0011CF87 /* Assets.xcassets in Resources */ = {isa = PBXBuildFile; fileRef = 082BAAE91CC6C4CB0011CF87 /* Assets.xcassets */; };
		082BAAED1CC6C4CB0011CF87 /* LaunchScreen.storyboard in Resources */ = {isa = PBXBuildFile; fileRef = 082BAAEB1CC6C4CB0011CF87 /* LaunchScreen.storyboard */; };
		082BAAF81CC6C4CB0011CF87 /* VWStestTests.swift in Sources */ = {isa = PBXBuildFile; fileRef = 082BAAF71CC6C4CB0011CF87 /* VWStestTests.swift */; };
		082BAB031CC6C4CB0011CF87 /* VWStestUITests.swift in Sources */ = {isa = PBXBuildFile; fileRef = 082BAB021CC6C4CB0011CF87 /* VWStestUITests.swift */; };
/* End PBXBuildFile section */

/* Begin PBXContainerItemProxy section */
		082BAAF41CC6C4CB0011CF87 /* PBXContainerItemProxy */ = {
			isa = PBXContainerItemProxy;
			containerPortal = 082BAAD71CC6C4CB0011CF87 /* Project object */;
			proxyType = 1;
			remoteGlobalIDString = 082BAADE1CC6C4CB0011CF87;
			remoteInfo = VWStest;
		};
		082BAAFF1CC6C4CB0011CF87 /* PBXContainerItemProxy */ = {
			isa = PBXContainerItemProxy;
			containerPortal = 082BAAD71CC6C4CB0011CF87 /* Project object */;
			proxyType = 1;
			remoteGlobalIDString = 082BAADE1CC6C4CB0011CF87;
			remoteInfo = VWStest;
		};
/* End PBXContainerItemProxy section */

/* Begin PBXFileReference section */
		082BAADF1CC6C4CB0011CF87 /* VWStest.app */ = {isa = PBXFileReference; explicitFileType = wrapper.application; includeInIndex = 0; path = VWStest.app; sourceTree = BUILT_PRODUCTS_DIR; };
		082BAAE21CC6C4CB0011CF87 /* AppDelegate.swift */ = {isa = PBXFileReference; lastKnownFileType = sourcecode.swift; path = AppDelegate.swift; sourceTree = "<group>"; };
		082BAAE41CC6C4CB0011CF87 /* ViewController.swift */ = {isa = PBXFileReference; lastKnownFileType = sourcecode.swift; path = ViewController.swift; sourceTree = "<group>"; };
		082BAAE71CC6C4CB0011CF87 /* Base */ = {isa = PBXFileReference; lastKnownFileType = file.storyboard; name = Base; path = Base.lproj/Main.storyboard; sourceTree = "<group>"; };
		082BAAE91CC6C4CB0011CF87 /* Assets.xcassets */ = {isa = PBXFileReference; lastKnownFileType = folder.assetcatalog; path = Assets.xcassets; sourceTree = "<group>"; };
		082BAAEC1CC6C4CB0011CF87 /* Base */ = {isa = PBXFileReference; lastKnownFileType = file.storyboard; name = Base; path = Base.lproj/LaunchScreen.storyboard; sourceTree = "<group>"; };
		082BAAEE1CC6C4CB0011CF87 /* Info.plist */ = {isa = PBXFileReference; lastKnownFileType = text.plist.xml; path = Info.plist; sourceTree = "<group>"; };
		082BAAF31CC6C4CB0011CF87 /* VWStestTests.xctest */ = {isa = PBXFileReference; explicitFileType = wrapper.cfbundle; includeInIndex = 0; path = VWStestTests.xctest; sourceTree = BUILT_PRODUCTS_DIR; };
		082BAAF71CC6C4CB0011CF87 /* VWStestTests.swift */ = {isa = PBXFileReference; lastKnownFileType = sourcecode.swift; path = VWStestTests.swift; sourceTree = "<group>"; };
		082BAAF91CC6C4CB0011CF87 /* Info.plist */ = {isa = PBXFileReference; lastKnownFileType = text.plist.xml; path = Info.plist; sourceTree = "<group>"; };
		082BAAFE1CC6C4CB0011CF87 /* VWStestUITests.xctest */ = {isa = PBXFileReference; explicitFileType = wrapper.cfbundle; includeInIndex = 0; path = VWStestUITests.xctest; sourceTree = BUILT_PRODUCTS_DIR; };
		082BAB021CC6C4CB0011CF87 /* VWStestUITests.swift */ = {isa = PBXFileReference; lastKnownFileType = sourcecode.swift; path = VWStestUITests.swift; sourceTree = "<group>"; };
		082BAB041CC6C4CB0011CF87 /* Info.plist */ = {isa = PBXFileReference; lastKnownFileType = text.plist.xml; path = Info.plist; sourceTree = "<group>"; };
/* End PBXFileReference section */

/* Begin PBXFrameworksBuildPhase section */
		082BAADC1CC6C4CB0011CF87 /* Frameworks */ = {
			isa = PBXFrameworksBuildPhase;
			buildActionMask = 2147483647;
			files = (
			);
			runOnlyForDeploymentPostprocessing = 0;
		};
		082BAAF01CC6C4CB0011CF87 /* Frameworks */ = {
			isa = PBXFrameworksBuildPhase;
			buildActionMask = 2147483647;
			files = (
			);
			runOnlyForDeploymentPostprocessing = 0;
		};
		082BAAFB1CC6C4CB0011CF87 /* Frameworks */ = {
			isa = PBXFrameworksBuildPhase;
			buildActionMask = 2147483647;
			files = (
			);
			runOnlyForDeploymentPostprocessing = 0;
		};
/* End PBXFrameworksBuildPhase section */

/* Begin PBXGroup section */
		082BAAD61CC6C4CB0011CF87 = {
			isa = PBXGroup;
			children = (
				082BAAE11CC6C4CB0011CF87 /* VWStest */,
				082BAAF61CC6C4CB0011CF87 /* VWStestTests */,
				082BAB011CC6C4CB0011CF87 /* VWStestUITests */,
				082BAAE01CC6C4CB0011CF87 /* Products */,
			);
			sourceTree = "<group>";
		};
		082BAAE01CC6C4CB0011CF87 /* Products */ = {
			isa = PBXGroup;
			children = (
				082BAADF1CC6C4CB0011CF87 /* VWStest.app */,
				082BAAF31CC6C4CB0011CF87 /* VWStestTests.xctest */,
				082BAAFE1CC6C4CB0011CF87 /* VWStestUITests.xctest */,
			);
			name = Products;
			sourceTree = "<group>";
		};
		082BAAE11CC6C4CB0011CF87 /* VWStest */ = {
			isa = PBXGroup;
			children = (
				082BAAE21CC6C4CB0011CF87 /* AppDelegate.swift */,
				082BAAE41CC6C4CB0011CF87 /* ViewController.swift */,
				082BAAE61CC6C4CB0011CF87 /* Main.storyboard */,
				082BAAE91CC6C4CB0011CF87 /* Assets.xcassets */,
				082BAAEB1CC6C4CB0011CF87 /* LaunchScreen.storyboard */,
				082BAAEE1CC6C4CB0011CF87 /* Info.plist */,
			);
			path = VWStest;
			sourceTree = "<group>";
		};
		082BAAF61CC6C4CB0011CF87 /* VWStestTests */ = {
			isa = PBXGroup;
			children = (
				082BAAF71CC6C4CB0011CF87 /* VWStestTests.swift */,
				082BAAF91CC6C4CB0011CF87 /* Info.plist */,
			);
			path = VWStestTests;
			sourceTree = "<group>";
		};
		082BAB011CC6C4CB0011CF87 /* VWStestUITests */ = {
			isa = PBXGroup;
			children = (
				082BAB021CC6C4CB0011CF87 /* VWStestUITests.swift */,
				082BAB041CC6C4CB0011CF87 /* Info.plist */,
			);
			path = VWStestUITests;
			sourceTree = "<group>";
		};
/* End PBXGroup section */

/* Begin PBXNativeTarget section */
		082BAADE1CC6C4CB0011CF87 /* VWStest */ = {
			isa = PBXNativeTarget;
			buildConfigurationList = 082BAB071CC6C4CB0011CF87 /* Build configuration list for PBXNativeTarget "VWStest" */;
			buildPhases = (
				082BAADB1CC6C4CB0011CF87 /* Sources */,
				082BAADC1CC6C4CB0011CF87 /* Frameworks */,
				082BAADD1CC6C4CB0011CF87 /* Resources */,
			);
			buildRules = (
			);
			dependencies = (
			);
			name = VWStest;
			productName = VWStest;
			productReference = 082BAADF1CC6C4CB0011CF87 /* VWStest.app */;
			productType = "com.apple.product-type.application";
		};
		082BAAF21CC6C4CB0011CF87 /* VWStestTests */ = {
			isa = PBXNativeTarget;
			buildConfigurationList = 082BAB0A1CC6C4CB0011CF87 /* Build configuration list for PBXNativeTarget "VWStestTests" */;
			buildPhases = (
				082BAAEF1CC6C4CB0011CF87 /* Sources */,
				082BAAF01CC6C4CB0011CF87 /* Frameworks */,
				082BAAF11CC6C4CB0011CF87 /* Resources */,
			);
			buildRules = (
			);
			dependencies = (
				082BAAF51CC6C4CB0011CF87 /* PBXTargetDependency */,
			);
			name = VWStestTests;
			productName = VWStestTests;
			productReference = 082BAAF31CC6C4CB0011CF87 /* VWStestTests.xctest */;
			productType = "com.apple.product-type.bundle.unit-test";
		};
		082BAAFD1CC6C4CB0011CF87 /* VWStestUITests */ = {
			isa = PBXNativeTarget;
			buildConfigurationList = 082BAB0D1CC6C4CB0011CF87 /* Build configuration list for PBXNativeTarget "VWStestUITests" */;
			buildPhases = (
				082BAAFA1CC6C4CB0011CF87 /* Sources */,
				082BAAFB1CC6C4CB0011CF87 /* Frameworks */,
				082BAAFC1CC6C4CB0011CF87 /* Resources */,
			);
			buildRules = (
			);
			dependencies = (
				082BAB001CC6C4CB0011CF87 /* PBXTargetDependency */,
			);
			name = VWStestUITests;
			productName = VWStestUITests;
			productReference = 082BAAFE1CC6C4CB0011CF87 /* VWStestUITests.xctest */;
			productType = "com.apple.product-type.bundle.ui-testing";
		};
/* End PBXNativeTarget section */

/* Begin PBXProject section */
		082BAAD71CC6C4CB0011CF87 /* Project object */ = {
			isa = PBXProject;
			attributes = {
				LastSwiftUpdateCheck = 0730;
				LastUpgradeCheck = 0730;
				ORGANIZATIONNAME = "Nathaniel Lanier";
				TargetAttributes = {
					082BAADE1CC6C4CB0011CF87 = {
						CreatedOnToolsVersion = 7.3;
					};
					082BAAF21CC6C4CB0011CF87 = {
						CreatedOnToolsVersion = 7.3;
						TestTargetID = 082BAADE1CC6C4CB0011CF87;
					};
					082BAAFD1CC6C4CB0011CF87 = {
						CreatedOnToolsVersion = 7.3;
						TestTargetID = 082BAADE1CC6C4CB0011CF87;
					};
				};
			};
			buildConfigurationList = 082BAADA1CC6C4CB0011CF87 /* Build configuration list for PBXProject "VWStest" */;
			compatibilityVersion = "Xcode 3.2";
			developmentRegion = English;
			hasScannedForEncodings = 0;
			knownRegions = (
				en,
				Base,
			);
			mainGroup = 082BAAD61CC6C4CB0011CF87;
			productRefGroup = 082BAAE01CC6C4CB0011CF87 /* Products */;
			projectDirPath = "";
			projectRoot = "";
			targets = (
				082BAADE1CC6C4CB0011CF87 /* VWStest */,
				082BAAF21CC6C4CB0011CF87 /* VWStestTests */,
				082BAAFD1CC6C4CB0011CF87 /* VWStestUITests */,
			);
		};
/* End PBXProject section */

/* Begin PBXResourcesBuildPhase section */
		082BAADD1CC6C4CB0011CF87 /* Resources */ = {
			isa = PBXResourcesBuildPhase;
			buildActionMask = 2147483647;
			files = (
				082BAAED1CC6C4CB0011CF87 /* LaunchScreen.storyboard in Resources */,
				082BAAEA1CC6C4CB0011CF87 /* Assets.xcassets in Resources */,
				082BAAE81CC6C4CB0011CF87 /* Main.storyboard in Resources */,
			);
			runOnlyForDeploymentPostprocessing = 0;
		};
		082BAAF11CC6C4CB0011CF87 /* Resources */ = {
			isa = PBXResourcesBuildPhase;
			buildActionMask = 2147483647;
			files = (
			);
			runOnlyForDeploymentPostprocessing = 0;
		};
		082BAAFC1CC6C4CB0011CF87 /* Resources */ = {
			isa = PBXResourcesBuildPhase;
			buildActionMask = 2147483647;
			files = (
			);
			runOnlyForDeploymentPostprocessing = 0;
		};
/* End PBXResourcesBuildPhase section */

/* Begin PBXSourcesBuildPhase section */
		082BAADB1CC6C4CB0011CF87 /* Sources */ = {
			isa = PBXSourcesBuildPhase;
			buildActionMask = 2147483647;
			files = (
				082BAAE51CC6C4CB0011CF87 /* ViewController.swift in Sources */,
				082BAAE31CC6C4CB0011CF87 /* AppDelegate.swift in Sources */,
			);
			runOnlyForDeploymentPostprocessing = 0;
		};
		082BAAEF1CC6C4CB0011CF87 /* Sources */ = {
			isa = PBXSourcesBuildPhase;
			buildActionMask = 2147483647;
			files = (
				082BAAF81CC6C4CB0011CF87 /* VWStestTests.swift in Sources */,
			);
			runOnlyForDeploymentPostprocessing = 0;
		};
		082BAAFA1CC6C4CB0011CF87 /* Sources */ = {
			isa = PBXSourcesBuildPhase;
			buildActionMask = 2147483647;
			files = (
				082BAB031CC6C4CB0011CF87 /* VWStestUITests.swift in Sources */,
			);
			runOnlyForDeploymentPostprocessing = 0;
		};
/* End PBXSourcesBuildPhase section */

/* Begin PBXTargetDependency section */
		082BAAF51CC6C4CB0011CF87 /* PBXTargetDependency */ = {
			isa = PBXTargetDependency;
			target = 082BAADE1CC6C4CB0011CF87 /* VWStest */;
			targetProxy = 082BAAF41CC6C4CB0011CF87 /* PBXContainerItemProxy */;
		};
		082BAB001CC6C4CB0011CF87 /* PBXTargetDependency */ = {
			isa = PBXTargetDependency;
			target = 082BAADE1CC6C4CB0011CF87 /* VWStest */;
			targetProxy = 082BAAFF1CC6C4CB0011CF87 /* PBXContainerItemProxy */;
		};
/* End PBXTargetDependency section */

/* Begin PBXVariantGroup section */
		082BAAE61CC6C4CB0011CF87 /* Main.storyboard */ = {
			isa = PBXVariantGroup;
			children = (
				082BAAE71CC6C4CB0011CF87 /* Base */,
			);
			name = Main.storyboard;
			sourceTree = "<group>";
		};
		082BAAEB1CC6C4CB0011CF87 /* LaunchScreen.storyboard */ = {
			isa = PBXVariantGroup;
			children = (
				082BAAEC1CC6C4CB0011CF87 /* Base */,
			);
			name = LaunchScreen.storyboard;
			sourceTree = "<group>";
		};
/* End PBXVariantGroup section */

/* Begin XCBuildConfiguration section */
		082BAB051CC6C4CB0011CF87 /* Debug */ = {
			isa = XCBuildConfiguration;
			buildSettings = {
				ALWAYS_SEARCH_USER_PATHS = NO;
				CLANG_ANALYZER_NONNULL = YES;
				CLANG_CXX_LANGUAGE_STANDARD = "gnu++0x";
				CLANG_CXX_LIBRARY = "libc++";
				CLANG_ENABLE_MODULES = YES;
				CLANG_ENABLE_OBJC_ARC = YES;
				CLANG_WARN_BOOL_CONVERSION = YES;
				CLANG_WARN_CONSTANT_CONVERSION = YES;
				CLANG_WARN_DIRECT_OBJC_ISA_USAGE = YES_ERROR;
				CLANG_WARN_EMPTY_BODY = YES;
				CLANG_WARN_ENUM_CONVERSION = YES;
				CLANG_WARN_INT_CONVERSION = YES;
				CLANG_WARN_OBJC_ROOT_CLASS = YES_ERROR;
				CLANG_WARN_UNREACHABLE_CODE = YES;
				CLANG_WARN__DUPLICATE_METHOD_MATCH = YES;
				"CODE_SIGN_IDENTITY[sdk=iphoneos*]" = "iPhone Developer";
				COPY_PHASE_STRIP = NO;
				DEBUG_INFORMATION_FORMAT = dwarf;
				ENABLE_STRICT_OBJC_MSGSEND = YES;
				ENABLE_TESTABILITY = YES;
				GCC_C_LANGUAGE_STANDARD = gnu99;
				GCC_DYNAMIC_NO_PIC = NO;
				GCC_NO_COMMON_BLOCKS = YES;
				GCC_OPTIMIZATION_LEVEL = 0;
				GCC_PREPROCESSOR_DEFINITIONS = (
					"DEBUG=1",
					"$(inherited)",
				);
				GCC_WARN_64_TO_32_BIT_CONVERSION = YES;
				GCC_WARN_ABOUT_RETURN_TYPE = YES_ERROR;
				GCC_WARN_UNDECLARED_SELECTOR = YES;
				GCC_WARN_UNINITIALIZED_AUTOS = YES_AGGRESSIVE;
				GCC_WARN_UNUSED_FUNCTION = YES;
				GCC_WARN_UNUSED_VARIABLE = YES;
				IPHONEOS_DEPLOYMENT_TARGET = 9.3;
				MTL_ENABLE_DEBUG_INFO = YES;
				ONLY_ACTIVE_ARCH = YES;
				SDKROOT = iphoneos;
				SWIFT_OPTIMIZATION_LEVEL = "-Onone";
				TARGETED_DEVICE_FAMILY = "1,2";
			};
			name = Debug;
		};
		082BAB061CC6C4CB0011CF87 /* Release */ = {
			isa = XCBuildConfiguration;
			buildSettings = {
				ALWAYS_SEARCH_USER_PATHS = NO;
				CLANG_ANALYZER_NONNULL = YES;
				CLANG_CXX_LANGUAGE_STANDARD = "gnu++0x";
				CLANG_CXX_LIBRARY = "libc++";
				CLANG_ENABLE_MODULES = YES;
				CLANG_ENABLE_OBJC_ARC = YES;
				CLANG_WARN_BOOL_CONVERSION = YES;
				CLANG_WARN_CONSTANT_CONVERSION = YES;
				CLANG_WARN_DIRECT_OBJC_ISA_USAGE = YES_ERROR;
				CLANG_WARN_EMPTY_BODY = YES;
				CLANG_WARN_ENUM_CONVERSION = YES;
				CLANG_WARN_INT_CONVERSION = YES;
				CLANG_WARN_OBJC_ROOT_CLASS = YES_ERROR;
				CLANG_WARN_UNREACHABLE_CODE = YES;
				CLANG_WARN__DUPLICATE_METHOD_MATCH = YES;
				"CODE_SIGN_IDENTITY[sdk=iphoneos*]" = "iPhone Developer";
				COPY_PHASE_STRIP = NO;
				DEBUG_INFORMATION_FORMAT = "dwarf-with-dsym";
				ENABLE_NS_ASSERTIONS = NO;
				ENABLE_STRICT_OBJC_MSGSEND = YES;
				GCC_C_LANGUAGE_STANDARD = gnu99;
				GCC_NO_COMMON_BLOCKS = YES;
				GCC_WARN_64_TO_32_BIT_CONVERSION = YES;
				GCC_WARN_ABOUT_RETURN_TYPE = YES_ERROR;
				GCC_WARN_UNDECLARED_SELECTOR = YES;
				GCC_WARN_UNINITIALIZED_AUTOS = YES_AGGRESSIVE;
				GCC_WARN_UNUSED_FUNCTION = YES;
				GCC_WARN_UNUSED_VARIABLE = YES;
				IPHONEOS_DEPLOYMENT_TARGET = 9.3;
				MTL_ENABLE_DEBUG_INFO = NO;
				SDKROOT = iphoneos;
				TARGETED_DEVICE_FAMILY = "1,2";
				VALIDATE_PRODUCT = YES;
			};
			name = Release;
		};
		082BAB081CC6C4CB0011CF87 /* Debug */ = {
			isa = XCBuildConfiguration;
			buildSettings = {
				ASSETCATALOG_COMPILER_APPICON_NAME = AppIcon;
				INFOPLIST_FILE = VWStest/Info.plist;
				LD_RUNPATH_SEARCH_PATHS = "$(inherited) @executable_path/Frameworks";
				PRODUCT_BUNDLE_IDENTIFIER = com.nathaniellanier.VWStest;
				PRODUCT_NAME = "$(TARGET_NAME)";
			};
			name = Debug;
		};
		082BAB091CC6C4CB0011CF87 /* Release */ = {
			isa = XCBuildConfiguration;
			buildSettings = {
				ASSETCATALOG_COMPILER_APPICON_NAME = AppIcon;
				INFOPLIST_FILE = VWStest/Info.plist;
				LD_RUNPATH_SEARCH_PATHS = "$(inherited) @executable_path/Frameworks";
				PRODUCT_BUNDLE_IDENTIFIER = com.nathaniellanier.VWStest;
				PRODUCT_NAME = "$(TARGET_NAME)";
			};
			name = Release;
		};
		082BAB0B1CC6C4CB0011CF87 /* Debug */ = {
			isa = XCBuildConfiguration;
			buildSettings = {
				BUNDLE_LOADER = "$(TEST_HOST)";
				INFOPLIST_FILE = VWStestTests/Info.plist;
				LD_RUNPATH_SEARCH_PATHS = "$(inherited) @executable_path/Frameworks @loader_path/Frameworks";
				PRODUCT_BUNDLE_IDENTIFIER = com.nathaniellanier.VWStestTests;
				PRODUCT_NAME = "$(TARGET_NAME)";
				TEST_HOST = "$(BUILT_PRODUCTS_DIR)/VWStest.app/VWStest";
			};
			name = Debug;
		};
		082BAB0C1CC6C4CB0011CF87 /* Release */ = {
			isa = XCBuildConfiguration;
			buildSettings = {
				BUNDLE_LOADER = "$(TEST_HOST)";
				INFOPLIST_FILE = VWStestTests/Info.plist;
				LD_RUNPATH_SEARCH_PATHS = "$(inherited) @executable_path/Frameworks @loader_path/Frameworks";
				PRODUCT_BUNDLE_IDENTIFIER = com.nathaniellanier.VWStestTests;
				PRODUCT_NAME = "$(TARGET_NAME)";
				TEST_HOST = "$(BUILT_PRODUCTS_DIR)/VWStest.app/VWStest";
			};
			name = Release;
		};
		082BAB0E1CC6C4CB0011CF87 /* Debug */ = {
			isa = XCBuildConfiguration;
			buildSettings = {
				INFOPLIST_FILE = VWStestUITests/Info.plist;
				LD_RUNPATH_SEARCH_PATHS = "$(inherited) @executable_path/Frameworks @loader_path/Frameworks";
				PRODUCT_BUNDLE_IDENTIFIER = com.nathaniellanier.VWStestUITests;
				PRODUCT_NAME = "$(TARGET_NAME)";
				TEST_TARGET_NAME = VWStest;
			};
			name = Debug;
		};
		082BAB0F1CC6C4CB0011CF87 /* Release */ = {
			isa = XCBuildConfiguration;
			buildSettings = {
				INFOPLIST_FILE = VWStestUITests/Info.plist;
				LD_RUNPATH_SEARCH_PATHS = "$(inherited) @executable_path/Frameworks @loader_path/Frameworks";
				PRODUCT_BUNDLE_IDENTIFIER = com.nathaniellanier.VWStestUITests;
				PRODUCT_NAME = "$(TARGET_NAME)";
				TEST_TARGET_NAME = VWStest;
			};
			name = Release;
		};
/* End XCBuildConfiguration section */

/* Begin XCConfigurationList section */
		082BAADA1CC6C4CB0011CF87 /* Build configuration list for PBXProject "VWStest" */ = {
			isa = XCConfigurationList;
			buildConfigurations = (
				082BAB051CC6C4CB0011CF87 /* Debug */,
				082BAB061CC6C4CB0011CF87 /* Release */,
			);
			defaultConfigurationIsVisible = 0;
			defaultConfigurationName = Release;
		};
		082BAB071CC6C4CB0011CF87 /* Build configuration list for PBXNativeTarget "VWStest" */ = {
			isa = XCConfigurationList;
			buildConfigurations = (
				082BAB081CC6C4CB0011CF87 /* Debug */,
				082BAB091CC6C4CB0011CF87 /* Release */,
			);
			defaultConfigurationIsVisible = 0;
		};
		082BAB0A1CC6C4CB0011CF87 /* Build configuration list for PBXNativeTarget "VWStestTests" */ = {
			isa = XCConfigurationList;
			buildConfigurations = (
				082BAB0B1CC6C4CB0011CF87 /* Debug */,
				082BAB0C1CC6C4CB0011CF87 /* Release */,
			);
			defaultConfigurationIsVisible = 0;
		};
		082BAB0D1CC6C4CB0011CF87 /* Build configuration list for PBXNativeTarget "VWStestUITests" */ = {
			isa = XCConfigurationList;
			buildConfigurations = (
				082BAB0E1CC6C4CB0011CF87 /* Debug */,
				082BAB0F1CC6C4CB0011CF87 /* Release */,
			);
			defaultConfigurationIsVisible = 0;
		};
/* End XCConfigurationList section */
	};
	rootObject = 082BAAD71CC6C4CB0011CF87 /* Project object */;
}
